
Microsoft Visual Studio Solution File, Format Version 12.00
# Visual Studio Version 17
VisualStudioVersion = 17.3.32922.545
MinimumVisualStudioVersion = 10.0.40219.1
Project("{9A19103F-16F7-4668-BE54-9A1E7A4F7556}") = "StockApplicationDashboard", "StockApplicationDashboard\StockApplicationDashboard.csproj", "{201AC188-57CB-4B57-B4D0-9A112FD3EEFE}"
EndProject
Project("{9A19103F-16F7-4668-BE54-9A1E7A4F7556}") = "ModelsLayer", "ModelsLayer\ModelsLayer.csproj", "{6741FC01-E5B8-42B1-A754-E9D003978BAA}"
EndProject
Project("{9A19103F-16F7-4668-BE54-9A1E7A4F7556}") = "DataAccessLayer", "DataAccessLayer\DataAccessLayer.csproj", "{E54550E0-3332-47AB-94B9-DE5005281ECC}"
EndProject
Project("{FAE04EC0-301F-11D3-BF4B-00C04F79EFBC}") = "StocksMvc", "StocksMvc\StocksMvc.csproj", "{3C80C07F-252B-4524-94EE-A84BFEE5C467}"
EndProject
Global
	GlobalSection(SolutionConfigurationPlatforms) = preSolution
		Debug|Any CPU = Debug|Any CPU
		Release|Any CPU = Release|Any CPU
	EndGlobalSection
	GlobalSection(ProjectConfigurationPlatforms) = postSolution
		{201AC188-57CB-4B57-B4D0-9A112FD3EEFE}.Debug|Any CPU.ActiveCfg = Debug|Any CPU
		{201AC188-57CB-4B57-B4D0-9A112FD3EEFE}.Debug|Any CPU.Build.0 = Debug|Any CPU
		{201AC188-57CB-4B57-B4D0-9A112FD3EEFE}.Release|Any CPU.ActiveCfg = Release|Any CPU
		{201AC188-57CB-4B57-B4D0-9A112FD3EEFE}.Release|Any CPU.Build.0 = Release|Any CPU
		{6741FC01-E5B8-42B1-A754-E9D003978BAA}.Debug|Any CPU.ActiveCfg = Debug|Any CPU
		{6741FC01-E5B8-42B1-A754-E9D003978BAA}.Debug|Any CPU.Build.0 = Debug|Any CPU
		{6741FC01-E5B8-42B1-A754-E9D003978BAA}.Release|Any CPU.ActiveCfg = Release|Any CPU
		{6741FC01-E5B8-42B1-A754-E9D003978BAA}.Release|Any CPU.Build.0 = Release|Any CPU
		{E54550E0-3332-47AB-94B9-DE5005281ECC}.Debug|Any CPU.ActiveCfg = Debug|Any CPU
		{E54550E0-3332-47AB-94B9-DE5005281ECC}.Debug|Any CPU.Build.0 = Debug|Any CPU
		{E54550E0-3332-47AB-94B9-DE5005281ECC}.Release|Any CPU.ActiveCfg = Release|Any CPU
		{E54550E0-3332-47AB-94B9-DE5005281ECC}.Release|Any CPU.Build.0 = Release|Any CPU
		{3C80C07F-252B-4524-94EE-A84BFEE5C467}.Debug|Any CPU.ActiveCfg = Debug|Any CPU
		{3C80C07F-252B-4524-94EE-A84BFEE5C467}.Debug|Any CPU.Build.0 = Debug|Any CPU
		{3C80C07F-252B-4524-94EE-A84BFEE5C467}.Release|Any CPU.ActiveCfg = Release|Any CPU
		{3C80C07F-252B-4524-94EE-A84BFEE5C467}.Release|Any CPU.Build.0 = Release|Any CPU
	EndGlobalSection
	GlobalSection(SolutionProperties) = preSolution
		HideSolutionNode = FALSE
	EndGlobalSection
	GlobalSection(ExtensibilityGlobals) = postSolution
		SolutionGuid = {7167D723-1A59-4A9E-8B4F-A42839AE6D16}
	EndGlobalSection
EndGlobal
